
Microsoft Visual Studio Solution File, Format Version 12.00
# Visual Studio Version 16
VisualStudioVersion = 16.0.31729.503
MinimumVisualStudioVersion = 10.0.40219.1
Project("{FAE04EC0-301F-11D3-BF4B-00C04F79EFBC}") = "1_LINQ", "1_LINQ\1_LINQ.csproj", "{14CC344A-482C-461B-93A6-BD2F21F85E1A}"
EndProject
Global
	GlobalSection(SolutionConfigurationPlatforms) = preSolution
		Debug|Any CPU = Debug|Any CPU
		Release|Any CPU = Release|Any CPU
	EndGlobalSection
	GlobalSection(ProjectConfigurationPlatforms) = postSolution
		{14CC344A-482C-461B-93A6-BD2F21F85E1A}.Debug|Any CPU.ActiveCfg = Debug|Any CPU
		{14CC344A-482C-461B-93A6-BD2F21F85E1A}.Debug|Any CPU.Build.0 = Debug|Any CPU
		{14CC344A-482C-461B-93A6-BD2F21F85E1A}.Release|Any CPU.ActiveCfg = Release|Any CPU
		{14CC344A-482C-461B-93A6-BD2F21F85E1A}.Release|Any CPU.Build.0 = Release|Any CPU
	EndGlobalSection
	GlobalSection(SolutionProperties) = preSolution
		HideSolutionNode = FALSE
	EndGlobalSection
	GlobalSection(ExtensibilityGlobals) = postSolution
		SolutionGuid = {83EA8BB7-5313-4939-B3F4-00E654E1DDDC}
	EndGlobalSection
EndGlobal
